
Microsoft Visual Studio Solution File, Format Version 10.00
# Visual Studio 2008
Project("{8BC9CEB8-8B4A-11D0-8D11-00A0C91BC942}") = "ChangeDiskSector", "ChangeDiskSector\ChangeDiskSector.vcproj", "{1C03DACA-9BA7-46FA-979F-C5EC8891388A}"
EndProject
Global
	GlobalSection(SolutionConfigurationPlatforms) = preSolution
		Debug|Win32 = Debug|Win32
		Release|Win32 = Release|Win32
	EndGlobalSection
	GlobalSection(ProjectConfigurationPlatforms) = postSolution
		{1C03DACA-9BA7-46FA-979F-C5EC8891388A}.Debug|Win32.ActiveCfg = Debug|Win32
		{1C03DACA-9BA7-46FA-979F-C5EC8891388A}.Debug|Win32.Build.0 = Debug|Win32
		{1C03DACA-9BA7-46FA-979F-C5EC8891388A}.Release|Win32.ActiveCfg = Release|Win32
		{1C03DACA-9BA7-46FA-979F-C5EC8891388A}.Release|Win32.Build.0 = Release|Win32
	EndGlobalSection
	GlobalSection(SolutionProperties) = preSolution
		HideSolutionNode = FALSE
	EndGlobalSection
EndGlobal
